
Microsoft Visual Studio Solution File, Format Version 12.00
# Visual Studio Version 16
VisualStudioVersion = 16.0.29519.181
MinimumVisualStudioVersion = 10.0.40219.1
Project("{8BC9CEB8-8B4A-11D0-8D11-00A0C91BC942}") = "Lab_15", "Lab_15.vcxproj", "{D0F756C4-2BDF-4E96-917E-2EA546D29D0E}"
EndProject
Global
	GlobalSection(SolutionConfigurationPlatforms) = preSolution
		Debug|x64 = Debug|x64
		Debug|x86 = Debug|x86
		Release|x64 = Release|x64
		Release|x86 = Release|x86
	EndGlobalSection
	GlobalSection(ProjectConfigurationPlatforms) = postSolution
		{D0F756C4-2BDF-4E96-917E-2EA546D29D0E}.Debug|x64.ActiveCfg = Debug|x64
		{D0F756C4-2BDF-4E96-917E-2EA546D29D0E}.Debug|x64.Build.0 = Debug|x64
		{D0F756C4-2BDF-4E96-917E-2EA546D29D0E}.Debug|x86.ActiveCfg = Debug|Win32
		{D0F756C4-2BDF-4E96-917E-2EA546D29D0E}.Debug|x86.Build.0 = Debug|Win32
		{D0F756C4-2BDF-4E96-917E-2EA546D29D0E}.Release|x64.ActiveCfg = Release|x64
		{D0F756C4-2BDF-4E96-917E-2EA546D29D0E}.Release|x64.Build.0 = Release|x64
		{D0F756C4-2BDF-4E96-917E-2EA546D29D0E}.Release|x86.ActiveCfg = Release|Win32
		{D0F756C4-2BDF-4E96-917E-2EA546D29D0E}.Release|x86.Build.0 = Release|Win32
	EndGlobalSection
	GlobalSection(SolutionProperties) = preSolution
		HideSolutionNode = FALSE
	EndGlobalSection
	GlobalSection(ExtensibilityGlobals) = postSolution
		SolutionGuid = {47CEA166-8F3A-48AD-A4EB-55C5FDF50E10}
	EndGlobalSection
EndGlobal
